
Microsoft Visual Studio Solution File, Format Version 12.00
# Visual Studio Version 16
VisualStudioVersion = 16.0.29709.97
MinimumVisualStudioVersion = 10.0.40219.1
Project("{FAE04EC0-301F-11D3-BF4B-00C04F79EFBC}") = "MazeGame2", "MazeGame2.csproj", "{53500528-4A4B-4D27-99AB-BF3C39648510}"
EndProject
Global
	GlobalSection(SolutionConfigurationPlatforms) = preSolution
		Debug|Any CPU = Debug|Any CPU
		Release|Any CPU = Release|Any CPU
	EndGlobalSection
	GlobalSection(ProjectConfigurationPlatforms) = postSolution
		{53500528-4A4B-4D27-99AB-BF3C39648510}.Debug|Any CPU.ActiveCfg = Debug|Any CPU
		{53500528-4A4B-4D27-99AB-BF3C39648510}.Debug|Any CPU.Build.0 = Debug|Any CPU
		{53500528-4A4B-4D27-99AB-BF3C39648510}.Release|Any CPU.ActiveCfg = Release|Any CPU
		{53500528-4A4B-4D27-99AB-BF3C39648510}.Release|Any CPU.Build.0 = Release|Any CPU
	EndGlobalSection
	GlobalSection(SolutionProperties) = preSolution
		HideSolutionNode = FALSE
	EndGlobalSection
	GlobalSection(ExtensibilityGlobals) = postSolution
		SolutionGuid = {45F6C131-CB6A-4B60-BA28-F902CA7F1E86}
	EndGlobalSection
EndGlobal
